
Microsoft Visual Studio Solution File, Format Version 12.00
# Visual Studio 15
VisualStudioVersion = 15.0.28215.52
MinimumVisualStudioVersion = 10.0.40219.1
Project("{FAE04EC0-301F-11D3-BF4B-00C04F79EFBC}") = "EventGenerator", "EventGenerator\EventGenerator.csproj", "{1986C2CC-B26A-4694-A911-F8B6E08E47AB}"
EndProject
Global
	GlobalSection(SolutionConfigurationPlatforms) = preSolution
		Debug|Any CPU = Debug|Any CPU
		Release|Any CPU = Release|Any CPU
	EndGlobalSection
	GlobalSection(ProjectConfigurationPlatforms) = postSolution
		{1986C2CC-B26A-4694-A911-F8B6E08E47AB}.Debug|Any CPU.ActiveCfg = Debug|Any CPU
		{1986C2CC-B26A-4694-A911-F8B6E08E47AB}.Debug|Any CPU.Build.0 = Debug|Any CPU
		{1986C2CC-B26A-4694-A911-F8B6E08E47AB}.Release|Any CPU.ActiveCfg = Release|Any CPU
		{1986C2CC-B26A-4694-A911-F8B6E08E47AB}.Release|Any CPU.Build.0 = Release|Any CPU
	EndGlobalSection
	GlobalSection(SolutionProperties) = preSolution
		HideSolutionNode = FALSE
	EndGlobalSection
	GlobalSection(ExtensibilityGlobals) = postSolution
		SolutionGuid = {301BB11D-FAAC-40BC-8597-48F4FC1C544D}
	EndGlobalSection
EndGlobal
